# THIS IS AN AUTOGENERATED FILE. DO NOT EDIT THIS FILE DIRECTLY.
# yarn lockfile v1


async-limiter@~1.0.0:
  version "1.0.0"
  resolved "https://registry.yarnpkg.com/async-limiter/-/async-limiter-1.0.0.tgz#78faed8c3d074ab81f22b4e985d79e8738f720f8"
  integrity sha512-jp/uFnooOiO+L211eZOoSyzpOITMXx1rBITauYykG3BRYPu8h0UcxsPNB04RR5vo4Tyz3+ay17tR6JVf9qzYWg==

commander@~2.15.0:
  version "2.15.1"
  resolved "https://registry.yarnpkg.com/commander/-/commander-2.15.1.tgz#df46e867d0fc2aec66a34662b406a9ccafff5b0f"
  integrity sha512-VlfT9F3V0v+jr4yxPc5gg9s62/fIVWsd2Bk2iD435um1NlGMYdVCq+MjcXnhYq2icNOizHr1kK+5TI6H0Hy0ag==

mute-stream@~0.0.4:
  version "0.0.8"
  resolved "https://registry.yarnpkg.com/mute-stream/-/mute-stream-0.0.8.tgz#1630c42b2251ff81e2a283de96a5497ea92e5e0d"
  integrity sha512-nnbWWOkoWyUsTjKrhgD0dcz22mdkSnpYqbEjIm2nhwhuxlSkpywJmBo8h0ZqJdkp73mb90SssHkN4rsRaBAfAA==

read@~1.0.7:
  version "1.0.7"
  resolved "https://registry.yarnpkg.com/read/-/read-1.0.7.tgz#b3da19bd052431a97671d44a42634adf710b40c4"
  integrity sha1-s9oZvQUkMal2cdRKQmNK33ELQMQ=
  dependencies:
    mute-stream "~0.0.4"

ws@~5.2.0:
  version "5.2.2"
  resolved "https://registry.yarnpkg.com/ws/-/ws-5.2.2.tgz#dffef14866b8e8dc9133582514d1befaf96e980f"
  integrity sha512-jaHFD6PFv6UgoIVda6qZllptQsMlDEJkTQcybzzXDYM1XO9Y8em691FGMPmM46WGyLU4z9KMgQN+qrux/nhlHA==
  dependencies:
    async-limiter "~1.0.0"

wscat@^2.2.1:
  version "2.2.1"
  resolved "https://registry.yarnpkg.com/wscat/-/wscat-2.2.1.tgz#c8640db425a1d6f021022af93dc1d4d1b019243c"
  integrity sha512-8/qT8dpCD8eKm7zS+AowXzwoC6887uhT1yWFGjQpQQXG5/7J+xO42kY/YKZoJT1t/AC3Vd4TxSssdN2+KzPdZg==
  dependencies:
    commander "~2.15.0"
    read "~1.0.7"
    ws "~5.2.0"
